<?xml version="1.0" encoding="utf-8"?>
<Project ToolsVersion="4.0" xmlns="http://schemas.microsoft.com/developer/msbuild/2003">
  <ItemGroup>
    <Filter Include="Mad">
      <UniqueIdentifier>{5707880B-C310-887C-4C8C-9E7CB894937C}</UniqueIdentifier>
    </Filter>
    <Filter Include="Mad\Events">
      <UniqueIdentifier>{5B2B2FA5-47E3-70F2-B0EA-494E9CC10BE3}</UniqueIdentifier>
    </Filter>
    <Filter Include="Mad\ImGui">
      <UniqueIdentifier>{C1614405-2DCC-F87B-760A-AA21E2B3D6D0}</UniqueIdentifier>
    </Filter>
    <Filter Include="Platform">
      <UniqueIdentifier>{2AC788B4-1694-E3BF-3FAD-D1672BD9184E}</UniqueIdentifier>
    </Filter>
    <Filter Include="Platform\OpenGL">
      <UniqueIdentifier>{1E7D2C1D-8A08-9AE1-9319-1DD6FF23F6E1}</UniqueIdentifier>
    </Filter>
    <Filter Include="Platform\Windows">
      <UniqueIdentifier>{64FBD71A-50F4-F66C-7926-DCF1657ED678}</UniqueIdentifier>
    </Filter>
  </ItemGroup>
  <ItemGroup>
    <ClInclude Include="src\Mad.h" />
    <ClInclude Include="src\Mad\Application.h">
      <Filter>Mad</Filter>
    </ClInclude>
    <ClInclude Include="src\Mad\Core.h">
      <Filter>Mad</Filter>
    </ClInclude>
    <ClInclude Include="src\Mad\EntryPoint.h">
      <Filter>Mad</Filter>
    </ClInclude>
    <ClInclude Include="src\Mad\Events\ApplicationEvent.h">
      <Filter>Mad\Events</Filter>
    </ClInclude>
    <ClInclude Include="src\Mad\Events\Event.h">
      <Filter>Mad\Events</Filter>
    </ClInclude>
    <ClInclude Include="src\Mad\Events\KeyEvent.h">
      <Filter>Mad\Events</Filter>
    </ClInclude>
    <ClInclude Include="src\Mad\Events\MouseEvent.h">
      <Filter>Mad\Events</Filter>
    </ClInclude>
    <ClInclude Include="src\Mad\ImGui\ImGuiLayer.h">
      <Filter>Mad\ImGui</Filter>
    </ClInclude>
    <ClInclude Include="src\Mad\Layer.h">
      <Filter>Mad</Filter>
    </ClInclude>
    <ClInclude Include="src\Mad\LayerStack.h">
      <Filter>Mad</Filter>
    </ClInclude>
    <ClInclude Include="src\Mad\Log.h">
      <Filter>Mad</Filter>
    </ClInclude>
    <ClInclude Include="src\Mad\Window.h">
      <Filter>Mad</Filter>
    </ClInclude>
    <ClInclude Include="src\Platform\OpenGL\ImGuiOpenGLRenderer.h">
      <Filter>Platform\OpenGL</Filter>
    </ClInclude>
    <ClInclude Include="src\Platform\Windows\WindowsWindow.h">
      <Filter>Platform\Windows</Filter>
    </ClInclude>
    <ClInclude Include="src\madpch.h" />
  </ItemGroup>
  <ItemGroup>
    <ClCompile Include="src\Mad\Application.cpp">
      <Filter>Mad</Filter>
    </ClCompile>
    <ClCompile Include="src\Mad\ImGui\ImGuiLayer.cpp">
      <Filter>Mad\ImGui</Filter>
    </ClCompile>
    <ClCompile Include="src\Mad\Layer.cpp">
      <Filter>Mad</Filter>
    </ClCompile>
    <ClCompile Include="src\Mad\LayerStack.cpp">
      <Filter>Mad</Filter>
    </ClCompile>
    <ClCompile Include="src\Mad\Log.cpp">
      <Filter>Mad</Filter>
    </ClCompile>
    <ClCompile Include="src\Platform\OpenGL\ImGuiOpenGLRenderer.cpp">
      <Filter>Platform\OpenGL</Filter>
    </ClCompile>
    <ClCompile Include="src\Platform\Windows\WindowsWindow.cpp">
      <Filter>Platform\Windows</Filter>
    </ClCompile>
    <ClCompile Include="src\madpch.cpp" />
  </ItemGroup>
</Project>