<?xml version="1.0" encoding="utf-8"?>
<Project ToolsVersion="4.0" xmlns="http://schemas.microsoft.com/developer/msbuild/2003">
  <ItemGroup>
    <Filter Include="Mad">
      <UniqueIdentifier>{5707880B-C310-887C-4C8C-9E7CB894937C}</UniqueIdentifier>
    </Filter>
    <Filter Include="Mad\Events">
      <UniqueIdentifier>{5B2B2FA5-47E3-70F2-B0EA-494E9CC10BE3}</UniqueIdentifier>
    </Filter>
  </ItemGroup>
  <ItemGroup>
    <ClInclude Include="src\Mad.h" />
    <ClInclude Include="src\Mad\Application.h">
      <Filter>Mad</Filter>
    </ClInclude>
    <ClInclude Include="src\Mad\Core.h">
      <Filter>Mad</Filter>
    </ClInclude>
    <ClInclude Include="src\Mad\EntryPoint.h">
      <Filter>Mad</Filter>
    </ClInclude>
    <ClInclude Include="src\Mad\Events\ApplicationEvent.h">
      <Filter>Mad\Events</Filter>
    </ClInclude>
    <ClInclude Include="src\Mad\Events\Event.h">
      <Filter>Mad\Events</Filter>
    </ClInclude>
    <ClInclude Include="src\Mad\Events\KeyEvent.h">
      <Filter>Mad\Events</Filter>
    </ClInclude>
    <ClInclude Include="src\Mad\Events\MouseEvent.h">
      <Filter>Mad\Events</Filter>
    </ClInclude>
    <ClInclude Include="src\Mad\Log.h">
      <Filter>Mad</Filter>
    </ClInclude>
    <ClInclude Include="src\Mad\Window.h">
      <Filter>Mad</Filter>
    </ClInclude>
    <ClInclude Include="src\madpch.h" />
    <ClInclude Include="Platform\Windows\WindowsWindow.h">
      <Filter>Mad</Filter>
    </ClInclude>
  </ItemGroup>
  <ItemGroup>
    <ClCompile Include="src\Mad\Application.cpp">
      <Filter>Mad</Filter>
    </ClCompile>
    <ClCompile Include="src\Mad\Log.cpp">
      <Filter>Mad</Filter>
    </ClCompile>
    <ClCompile Include="src\madpch.cpp" />
    <ClCompile Include="Platform\Windows\WindowsWindow.cpp">
      <Filter>Mad</Filter>
    </ClCompile>
  </ItemGroup>
</Project>